// !$*UTF8*$!
{
	archiveVersion = 1;
	classes = {
	};
	objectVersion = 50;
	objects = {

/* Begin PBXBuildFile section */
		1204C40923E1BCEA0020E6AF /* AllNewsCell.swift in Sources */ = {isa = PBXBuildFile; fileRef = 1204C40823E1BCEA0020E6AF /* AllNewsCell.swift */; };
		12278DD823E19A8A0062CE70 /* AppDelegate.swift in Sources */ = {isa = PBXBuildFile; fileRef = 12278DD723E19A8A0062CE70 /* AppDelegate.swift */; };
		12278DE123E19A8C0062CE70 /* Assets.xcassets in Resources */ = {isa = PBXBuildFile; fileRef = 12278DE023E19A8C0062CE70 /* Assets.xcassets */; };
		12278DE423E19A8C0062CE70 /* LaunchScreen.storyboard in Resources */ = {isa = PBXBuildFile; fileRef = 12278DE223E19A8C0062CE70 /* LaunchScreen.storyboard */; };
		12278DEC23E19AE00062CE70 /* MainTabController.swift in Sources */ = {isa = PBXBuildFile; fileRef = 12278DEB23E19AE00062CE70 /* MainTabController.swift */; };
		12278DEE23E19B0D0062CE70 /* topNewsController.swift in Sources */ = {isa = PBXBuildFile; fileRef = 12278DED23E19B0D0062CE70 /* topNewsController.swift */; };
		12278DF023E19B320062CE70 /* allNewsController.swift in Sources */ = {isa = PBXBuildFile; fileRef = 12278DEF23E19B320062CE70 /* allNewsController.swift */; };
		12278DF223E1A71B0062CE70 /* ConstraintExtension.swift in Sources */ = {isa = PBXBuildFile; fileRef = 12278DF123E1A71B0062CE70 /* ConstraintExtension.swift */; };
		12278DF923E1B17E0062CE70 /* TopNewsCell.swift in Sources */ = {isa = PBXBuildFile; fileRef = 12278DF823E1B17E0062CE70 /* TopNewsCell.swift */; };
		12401E9423E336DC00C14CD6 /* NewsDetails.swift in Sources */ = {isa = PBXBuildFile; fileRef = 12401E9323E336DC00C14CD6 /* NewsDetails.swift */; };
		12401E9723E3F50600C14CD6 /* ActivityIndicator.swift in Sources */ = {isa = PBXBuildFile; fileRef = 12401E9623E3F50600C14CD6 /* ActivityIndicator.swift */; };
		12C2C52B23E1F0F20002924B /* AllNewsTableExtension.swift in Sources */ = {isa = PBXBuildFile; fileRef = 12C2C52A23E1F0F20002924B /* AllNewsTableExtension.swift */; };
		12C2C52D23E1F1040002924B /* TopNewsTableExtension.swift in Sources */ = {isa = PBXBuildFile; fileRef = 12C2C52C23E1F1040002924B /* TopNewsTableExtension.swift */; };
		12C2C53123E2C5F30002924B /* Article.swift in Sources */ = {isa = PBXBuildFile; fileRef = 12C2C53023E2C5F30002924B /* Article.swift */; };
		12C2C53323E2CC5C0002924B /* UIImageViewExtension.swift in Sources */ = {isa = PBXBuildFile; fileRef = 12C2C53223E2CC5C0002924B /* UIImageViewExtension.swift */; };
/* End PBXBuildFile section */

/* Begin PBXFileReference section */
		1204C40823E1BCEA0020E6AF /* AllNewsCell.swift */ = {isa = PBXFileReference; lastKnownFileType = sourcecode.swift; path = AllNewsCell.swift; sourceTree = "<group>"; };
		12278DD423E19A8A0062CE70 /* NewsApp.app */ = {isa = PBXFileReference; explicitFileType = wrapper.application; includeInIndex = 0; path = NewsApp.app; sourceTree = BUILT_PRODUCTS_DIR; };
		12278DD723E19A8A0062CE70 /* AppDelegate.swift */ = {isa = PBXFileReference; lastKnownFileType = sourcecode.swift; path = AppDelegate.swift; sourceTree = "<group>"; };
		12278DE023E19A8C0062CE70 /* Assets.xcassets */ = {isa = PBXFileReference; lastKnownFileType = folder.assetcatalog; path = Assets.xcassets; sourceTree = "<group>"; };
		12278DE323E19A8C0062CE70 /* Base */ = {isa = PBXFileReference; lastKnownFileType = file.storyboard; name = Base; path = Base.lproj/LaunchScreen.storyboard; sourceTree = "<group>"; };
		12278DE523E19A8C0062CE70 /* Info.plist */ = {isa = PBXFileReference; lastKnownFileType = text.plist.xml; path = Info.plist; sourceTree = "<group>"; };
		12278DEB23E19AE00062CE70 /* MainTabController.swift */ = {isa = PBXFileReference; lastKnownFileType = sourcecode.swift; path = MainTabController.swift; sourceTree = "<group>"; };
		12278DED23E19B0D0062CE70 /* topNewsController.swift */ = {isa = PBXFileReference; lastKnownFileType = sourcecode.swift; path = topNewsController.swift; sourceTree = "<group>"; };
		12278DEF23E19B320062CE70 /* allNewsController.swift */ = {isa = PBXFileReference; lastKnownFileType = sourcecode.swift; path = allNewsController.swift; sourceTree = "<group>"; };
		12278DF123E1A71B0062CE70 /* ConstraintExtension.swift */ = {isa = PBXFileReference; lastKnownFileType = sourcecode.swift; path = ConstraintExtension.swift; sourceTree = "<group>"; };
		12278DF823E1B17E0062CE70 /* TopNewsCell.swift */ = {isa = PBXFileReference; lastKnownFileType = sourcecode.swift; path = TopNewsCell.swift; sourceTree = "<group>"; };
		12401E9323E336DC00C14CD6 /* NewsDetails.swift */ = {isa = PBXFileReference; lastKnownFileType = sourcecode.swift; path = NewsDetails.swift; sourceTree = "<group>"; };
		12401E9623E3F50600C14CD6 /* ActivityIndicator.swift */ = {isa = PBXFileReference; lastKnownFileType = sourcecode.swift; path = ActivityIndicator.swift; sourceTree = "<group>"; };
		12C2C52A23E1F0F20002924B /* AllNewsTableExtension.swift */ = {isa = PBXFileReference; lastKnownFileType = sourcecode.swift; path = AllNewsTableExtension.swift; sourceTree = "<group>"; };
		12C2C52C23E1F1040002924B /* TopNewsTableExtension.swift */ = {isa = PBXFileReference; lastKnownFileType = sourcecode.swift; path = TopNewsTableExtension.swift; sourceTree = "<group>"; };
		12C2C53023E2C5F30002924B /* Article.swift */ = {isa = PBXFileReference; lastKnownFileType = sourcecode.swift; path = Article.swift; sourceTree = "<group>"; };
		12C2C53223E2CC5C0002924B /* UIImageViewExtension.swift */ = {isa = PBXFileReference; lastKnownFileType = sourcecode.swift; path = UIImageViewExtension.swift; sourceTree = "<group>"; };
/* End PBXFileReference section */

/* Begin PBXFrameworksBuildPhase section */
		12278DD123E19A8A0062CE70 /* Frameworks */ = {
			isa = PBXFrameworksBuildPhase;
			buildActionMask = 2147483647;
			files = (
			);
			runOnlyForDeploymentPostprocessing = 0;
		};
/* End PBXFrameworksBuildPhase section */

/* Begin PBXGroup section */
		12278DCB23E19A8A0062CE70 = {
			isa = PBXGroup;
			children = (
				12278DD623E19A8A0062CE70 /* NewsApp */,
				12278DD523E19A8A0062CE70 /* Products */,
			);
			sourceTree = "<group>";
		};
		12278DD523E19A8A0062CE70 /* Products */ = {
			isa = PBXGroup;
			children = (
				12278DD423E19A8A0062CE70 /* NewsApp.app */,
			);
			name = Products;
			sourceTree = "<group>";
		};
		12278DD623E19A8A0062CE70 /* NewsApp */ = {
			isa = PBXGroup;
			children = (
				12278DF323E1A7540062CE70 /* Extensions */,
				12401E9523E3F4E200C14CD6 /* Custom Views */,
				12278DF423E1A76B0062CE70 /* Module */,
				12C2C53623E31B7E0002924B /* Data Manager */,
				12278DD723E19A8A0062CE70 /* AppDelegate.swift */,
				12278DE023E19A8C0062CE70 /* Assets.xcassets */,
				12278DE223E19A8C0062CE70 /* LaunchScreen.storyboard */,
				12278DE523E19A8C0062CE70 /* Info.plist */,
			);
			path = NewsApp;
			sourceTree = "<group>";
		};
		12278DF323E1A7540062CE70 /* Extensions */ = {
			isa = PBXGroup;
			children = (
				12278DF123E1A71B0062CE70 /* ConstraintExtension.swift */,
				12C2C52C23E1F1040002924B /* TopNewsTableExtension.swift */,
				12C2C52A23E1F0F20002924B /* AllNewsTableExtension.swift */,
				12C2C53223E2CC5C0002924B /* UIImageViewExtension.swift */,
			);
			path = Extensions;
			sourceTree = "<group>";
		};
		12278DF423E1A76B0062CE70 /* Module */ = {
			isa = PBXGroup;
			children = (
				12278DF523E1A79A0062CE70 /* Main Tab */,
				12278DF623E1B0B60062CE70 /* Top News */,
				12278DF723E1B0BE0062CE70 /* All News */,
				12C2C53823E31BF50002924B /* News Details */,
			);
			path = Module;
			sourceTree = "<group>";
		};
		12278DF523E1A79A0062CE70 /* Main Tab */ = {
			isa = PBXGroup;
			children = (
				12278DEB23E19AE00062CE70 /* MainTabController.swift */,
			);
			path = "Main Tab";
			sourceTree = "<group>";
		};
		12278DF623E1B0B60062CE70 /* Top News */ = {
			isa = PBXGroup;
			children = (
				12278DED23E19B0D0062CE70 /* topNewsController.swift */,
				12278DF823E1B17E0062CE70 /* TopNewsCell.swift */,
			);
			path = "Top News";
			sourceTree = "<group>";
		};
		12278DF723E1B0BE0062CE70 /* All News */ = {
			isa = PBXGroup;
			children = (
				12278DEF23E19B320062CE70 /* allNewsController.swift */,
				1204C40823E1BCEA0020E6AF /* AllNewsCell.swift */,
			);
			path = "All News";
			sourceTree = "<group>";
		};
		12401E9523E3F4E200C14CD6 /* Custom Views */ = {
			isa = PBXGroup;
			children = (
				12401E9623E3F50600C14CD6 /* ActivityIndicator.swift */,
			);
			path = "Custom Views";
			sourceTree = "<group>";
		};
		12C2C53623E31B7E0002924B /* Data Manager */ = {
			isa = PBXGroup;
			children = (
				12C2C53023E2C5F30002924B /* Article.swift */,
			);
			path = "Data Manager";
			sourceTree = "<group>";
		};
		12C2C53823E31BF50002924B /* News Details */ = {
			isa = PBXGroup;
			children = (
				12401E9323E336DC00C14CD6 /* NewsDetails.swift */,
			);
			path = "News Details";
			sourceTree = "<group>";
		};
/* End PBXGroup section */

/* Begin PBXNativeTarget section */
		12278DD323E19A8A0062CE70 /* NewsApp */ = {
			isa = PBXNativeTarget;
			buildConfigurationList = 12278DE823E19A8C0062CE70 /* Build configuration list for PBXNativeTarget "NewsApp" */;
			buildPhases = (
				12278DD023E19A8A0062CE70 /* Sources */,
				12278DD123E19A8A0062CE70 /* Frameworks */,
				12278DD223E19A8A0062CE70 /* Resources */,
			);
			buildRules = (
			);
			dependencies = (
			);
			name = NewsApp;
			productName = NewsApp;
			productReference = 12278DD423E19A8A0062CE70 /* NewsApp.app */;
			productType = "com.apple.product-type.application";
		};
/* End PBXNativeTarget section */

/* Begin PBXProject section */
		12278DCC23E19A8A0062CE70 /* Project object */ = {
			isa = PBXProject;
			attributes = {
				LastSwiftUpdateCheck = 1120;
				LastUpgradeCheck = 1120;
				ORGANIZATIONNAME = "Rustem Supayev";
				TargetAttributes = {
					12278DD323E19A8A0062CE70 = {
						CreatedOnToolsVersion = 11.2.1;
					};
				};
			};
			buildConfigurationList = 12278DCF23E19A8A0062CE70 /* Build configuration list for PBXProject "NewsApp" */;
			compatibilityVersion = "Xcode 9.3";
			developmentRegion = en;
			hasScannedForEncodings = 0;
			knownRegions = (
				en,
				Base,
			);
			mainGroup = 12278DCB23E19A8A0062CE70;
			productRefGroup = 12278DD523E19A8A0062CE70 /* Products */;
			projectDirPath = "";
			projectRoot = "";
			targets = (
				12278DD323E19A8A0062CE70 /* NewsApp */,
			);
		};
/* End PBXProject section */

/* Begin PBXResourcesBuildPhase section */
		12278DD223E19A8A0062CE70 /* Resources */ = {
			isa = PBXResourcesBuildPhase;
			buildActionMask = 2147483647;
			files = (
				12278DE423E19A8C0062CE70 /* LaunchScreen.storyboard in Resources */,
				12278DE123E19A8C0062CE70 /* Assets.xcassets in Resources */,
			);
			runOnlyForDeploymentPostprocessing = 0;
		};
/* End PBXResourcesBuildPhase section */

/* Begin PBXSourcesBuildPhase section */
		12278DD023E19A8A0062CE70 /* Sources */ = {
			isa = PBXSourcesBuildPhase;
			buildActionMask = 2147483647;
			files = (
				12278DEC23E19AE00062CE70 /* MainTabController.swift in Sources */,
				12C2C52B23E1F0F20002924B /* AllNewsTableExtension.swift in Sources */,
				1204C40923E1BCEA0020E6AF /* AllNewsCell.swift in Sources */,
				12278DEE23E19B0D0062CE70 /* topNewsController.swift in Sources */,
				12401E9723E3F50600C14CD6 /* ActivityIndicator.swift in Sources */,
				12C2C53123E2C5F30002924B /* Article.swift in Sources */,
				12278DF923E1B17E0062CE70 /* TopNewsCell.swift in Sources */,
				12C2C53323E2CC5C0002924B /* UIImageViewExtension.swift in Sources */,
				12C2C52D23E1F1040002924B /* TopNewsTableExtension.swift in Sources */,
				12278DF223E1A71B0062CE70 /* ConstraintExtension.swift in Sources */,
				12278DD823E19A8A0062CE70 /* AppDelegate.swift in Sources */,
				12278DF023E19B320062CE70 /* allNewsController.swift in Sources */,
				12401E9423E336DC00C14CD6 /* NewsDetails.swift in Sources */,
			);
			runOnlyForDeploymentPostprocessing = 0;
		};
/* End PBXSourcesBuildPhase section */

/* Begin PBXVariantGroup section */
		12278DE223E19A8C0062CE70 /* LaunchScreen.storyboard */ = {
			isa = PBXVariantGroup;
			children = (
				12278DE323E19A8C0062CE70 /* Base */,
			);
			name = LaunchScreen.storyboard;
			sourceTree = "<group>";
		};
/* End PBXVariantGroup section */

/* Begin XCBuildConfiguration section */
		12278DE623E19A8C0062CE70 /* Debug */ = {
			isa = XCBuildConfiguration;
			buildSettings = {
				ALWAYS_SEARCH_USER_PATHS = NO;
				CLANG_ANALYZER_NONNULL = YES;
				CLANG_ANALYZER_NUMBER_OBJECT_CONVERSION = YES_AGGRESSIVE;
				CLANG_CXX_LANGUAGE_STANDARD = "gnu++14";
				CLANG_CXX_LIBRARY = "libc++";
				CLANG_ENABLE_MODULES = YES;
				CLANG_ENABLE_OBJC_ARC = YES;
				CLANG_ENABLE_OBJC_WEAK = YES;
				CLANG_WARN_BLOCK_CAPTURE_AUTORELEASING = YES;
				CLANG_WARN_BOOL_CONVERSION = YES;
				CLANG_WARN_COMMA = YES;
				CLANG_WARN_CONSTANT_CONVERSION = YES;
				CLANG_WARN_DEPRECATED_OBJC_IMPLEMENTATIONS = YES;
				CLANG_WARN_DIRECT_OBJC_ISA_USAGE = YES_ERROR;
				CLANG_WARN_DOCUMENTATION_COMMENTS = YES;
				CLANG_WARN_EMPTY_BODY = YES;
				CLANG_WARN_ENUM_CONVERSION = YES;
				CLANG_WARN_INFINITE_RECURSION = YES;
				CLANG_WARN_INT_CONVERSION = YES;
				CLANG_WARN_NON_LITERAL_NULL_CONVERSION = YES;
				CLANG_WARN_OBJC_IMPLICIT_RETAIN_SELF = YES;
				CLANG_WARN_OBJC_LITERAL_CONVERSION = YES;
				CLANG_WARN_OBJC_ROOT_CLASS = YES_ERROR;
				CLANG_WARN_RANGE_LOOP_ANALYSIS = YES;
				CLANG_WARN_STRICT_PROTOTYPES = YES;
				CLANG_WARN_SUSPICIOUS_MOVE = YES;
				CLANG_WARN_UNGUARDED_AVAILABILITY = YES_AGGRESSIVE;
				CLANG_WARN_UNREACHABLE_CODE = YES;
				CLANG_WARN__DUPLICATE_METHOD_MATCH = YES;
				COPY_PHASE_STRIP = NO;
				DEBUG_INFORMATION_FORMAT = dwarf;
				ENABLE_STRICT_OBJC_MSGSEND = YES;
				ENABLE_TESTABILITY = YES;
				GCC_C_LANGUAGE_STANDARD = gnu11;
				GCC_DYNAMIC_NO_PIC = NO;
				GCC_NO_COMMON_BLOCKS = YES;
				GCC_OPTIMIZATION_LEVEL = 0;
				GCC_PREPROCESSOR_DEFINITIONS = (
					"DEBUG=1",
					"$(inherited)",
				);
				GCC_WARN_64_TO_32_BIT_CONVERSION = YES;
				GCC_WARN_ABOUT_RETURN_TYPE = YES_ERROR;
				GCC_WARN_UNDECLARED_SELECTOR = YES;
				GCC_WARN_UNINITIALIZED_AUTOS = YES_AGGRESSIVE;
				GCC_WARN_UNUSED_FUNCTION = YES;
				GCC_WARN_UNUSED_VARIABLE = YES;
				IPHONEOS_DEPLOYMENT_TARGET = 13.2;
				MTL_ENABLE_DEBUG_INFO = INCLUDE_SOURCE;
				MTL_FAST_MATH = YES;
				ONLY_ACTIVE_ARCH = YES;
				SDKROOT = iphoneos;
				SWIFT_ACTIVE_COMPILATION_CONDITIONS = DEBUG;
				SWIFT_OPTIMIZATION_LEVEL = "-Onone";
			};
			name = Debug;
		};
		12278DE723E19A8C0062CE70 /* Release */ = {
			isa = XCBuildConfiguration;
			buildSettings = {
				ALWAYS_SEARCH_USER_PATHS = NO;
				CLANG_ANALYZER_NONNULL = YES;
				CLANG_ANALYZER_NUMBER_OBJECT_CONVERSION = YES_AGGRESSIVE;
				CLANG_CXX_LANGUAGE_STANDARD = "gnu++14";
				CLANG_CXX_LIBRARY = "libc++";
				CLANG_ENABLE_MODULES = YES;
				CLANG_ENABLE_OBJC_ARC = YES;
				CLANG_ENABLE_OBJC_WEAK = YES;
				CLANG_WARN_BLOCK_CAPTURE_AUTORELEASING = YES;
				CLANG_WARN_BOOL_CONVERSION = YES;
				CLANG_WARN_COMMA = YES;
				CLANG_WARN_CONSTANT_CONVERSION = YES;
				CLANG_WARN_DEPRECATED_OBJC_IMPLEMENTATIONS = YES;
				CLANG_WARN_DIRECT_OBJC_ISA_USAGE = YES_ERROR;
				CLANG_WARN_DOCUMENTATION_COMMENTS = YES;
				CLANG_WARN_EMPTY_BODY = YES;
				CLANG_WARN_ENUM_CONVERSION = YES;
				CLANG_WARN_INFINITE_RECURSION = YES;
				CLANG_WARN_INT_CONVERSION = YES;
				CLANG_WARN_NON_LITERAL_NULL_CONVERSION = YES;
				CLANG_WARN_OBJC_IMPLICIT_RETAIN_SELF = YES;
				CLANG_WARN_OBJC_LITERAL_CONVERSION = YES;
				CLANG_WARN_OBJC_ROOT_CLASS = YES_ERROR;
				CLANG_WARN_RANGE_LOOP_ANALYSIS = YES;
				CLANG_WARN_STRICT_PROTOTYPES = YES;
				CLANG_WARN_SUSPICIOUS_MOVE = YES;
				CLANG_WARN_UNGUARDED_AVAILABILITY = YES_AGGRESSIVE;
				CLANG_WARN_UNREACHABLE_CODE = YES;
				CLANG_WARN__DUPLICATE_METHOD_MATCH = YES;
				COPY_PHASE_STRIP = NO;
				DEBUG_INFORMATION_FORMAT = "dwarf-with-dsym";
				ENABLE_NS_ASSERTIONS = NO;
				ENABLE_STRICT_OBJC_MSGSEND = YES;
				GCC_C_LANGUAGE_STANDARD = gnu11;
				GCC_NO_COMMON_BLOCKS = YES;
				GCC_WARN_64_TO_32_BIT_CONVERSION = YES;
				GCC_WARN_ABOUT_RETURN_TYPE = YES_ERROR;
				GCC_WARN_UNDECLARED_SELECTOR = YES;
				GCC_WARN_UNINITIALIZED_AUTOS = YES_AGGRESSIVE;
				GCC_WARN_UNUSED_FUNCTION = YES;
				GCC_WARN_UNUSED_VARIABLE = YES;
				IPHONEOS_DEPLOYMENT_TARGET = 13.2;
				MTL_ENABLE_DEBUG_INFO = NO;
				MTL_FAST_MATH = YES;
				SDKROOT = iphoneos;
				SWIFT_COMPILATION_MODE = wholemodule;
				SWIFT_OPTIMIZATION_LEVEL = "-O";
				VALIDATE_PRODUCT = YES;
			};
			name = Release;
		};
		12278DE923E19A8C0062CE70 /* Debug */ = {
			isa = XCBuildConfiguration;
			buildSettings = {
				ASSETCATALOG_COMPILER_APPICON_NAME = AppIcon;
				CODE_SIGN_STYLE = Automatic;
				DEVELOPMENT_TEAM = 24B237K8X8;
				INFOPLIST_FILE = NewsApp/Info.plist;
				IPHONEOS_DEPLOYMENT_TARGET = 12.2;
				LD_RUNPATH_SEARCH_PATHS = (
					"$(inherited)",
					"@executable_path/Frameworks",
				);
				PRODUCT_BUNDLE_IDENTIFIER = com.rustemsupayev.NewsApp;
				PRODUCT_NAME = "$(TARGET_NAME)";
				SWIFT_VERSION = 5.0;
				TARGETED_DEVICE_FAMILY = "1,2";
			};
			name = Debug;
		};
		12278DEA23E19A8C0062CE70 /* Release */ = {
			isa = XCBuildConfiguration;
			buildSettings = {
				ASSETCATALOG_COMPILER_APPICON_NAME = AppIcon;
				CODE_SIGN_STYLE = Automatic;
				DEVELOPMENT_TEAM = 24B237K8X8;
				INFOPLIST_FILE = NewsApp/Info.plist;
				IPHONEOS_DEPLOYMENT_TARGET = 12.2;
				LD_RUNPATH_SEARCH_PATHS = (
					"$(inherited)",
					"@executable_path/Frameworks",
				);
				PRODUCT_BUNDLE_IDENTIFIER = com.rustemsupayev.NewsApp;
				PRODUCT_NAME = "$(TARGET_NAME)";
				SWIFT_VERSION = 5.0;
				TARGETED_DEVICE_FAMILY = "1,2";
			};
			name = Release;
		};
/* End XCBuildConfiguration section */

/* Begin XCConfigurationList section */
		12278DCF23E19A8A0062CE70 /* Build configuration list for PBXProject "NewsApp" */ = {
			isa = XCConfigurationList;
			buildConfigurations = (
				12278DE623E19A8C0062CE70 /* Debug */,
				12278DE723E19A8C0062CE70 /* Release */,
			);
			defaultConfigurationIsVisible = 0;
			defaultConfigurationName = Release;
		};
		12278DE823E19A8C0062CE70 /* Build configuration list for PBXNativeTarget "NewsApp" */ = {
			isa = XCConfigurationList;
			buildConfigurations = (
				12278DE923E19A8C0062CE70 /* Debug */,
				12278DEA23E19A8C0062CE70 /* Release */,
			);
			defaultConfigurationIsVisible = 0;
			defaultConfigurationName = Release;
		};
/* End XCConfigurationList section */
	};
	rootObject = 12278DCC23E19A8A0062CE70 /* Project object */;
}
